
Microsoft Visual Studio Solution File, Format Version 12.00
# Visual Studio 15
Project("{FAE04EC0-301F-11D3-BF4B-00C04F79EFBC}") = "Paperboy.Android", "Paperboy.Android\Paperboy.Android.csproj", "{BCA9FEC3-8891-480C-875F-F93AA3A40FE5}"
EndProject
Project("{FAE04EC0-301F-11D3-BF4B-00C04F79EFBC}") = "Paperboy.iOS", "Paperboy.iOS\Paperboy.iOS.csproj", "{39CAB1AA-3BCB-47E7-B376-92FA1D4B2CEC}"
EndProject
Project("{FAE04EC0-301F-11D3-BF4B-00C04F79EFBC}") = "Paperboy", "Paperboy\Paperboy.csproj", "{B64724F5-46B1-4D5C-A35D-425709AC9122}"
EndProject
Global
	GlobalSection(SolutionConfigurationPlatforms) = preSolution
		Debug|Any CPU = Debug|Any CPU
		Release|Any CPU = Release|Any CPU
		Debug|iPhoneSimulator = Debug|iPhoneSimulator
		Release|iPhoneSimulator = Release|iPhoneSimulator
		Debug|iPhone = Debug|iPhone
		Release|iPhone = Release|iPhone
	EndGlobalSection
	GlobalSection(ProjectConfigurationPlatforms) = postSolution
		{BCA9FEC3-8891-480C-875F-F93AA3A40FE5}.Debug|Any CPU.ActiveCfg = Debug|Any CPU
		{BCA9FEC3-8891-480C-875F-F93AA3A40FE5}.Debug|Any CPU.Build.0 = Debug|Any CPU
		{BCA9FEC3-8891-480C-875F-F93AA3A40FE5}.Release|Any CPU.ActiveCfg = Release|Any CPU
		{BCA9FEC3-8891-480C-875F-F93AA3A40FE5}.Release|Any CPU.Build.0 = Release|Any CPU
		{BCA9FEC3-8891-480C-875F-F93AA3A40FE5}.Debug|iPhoneSimulator.ActiveCfg = Debug|Any CPU
		{BCA9FEC3-8891-480C-875F-F93AA3A40FE5}.Debug|iPhoneSimulator.Build.0 = Debug|Any CPU
		{BCA9FEC3-8891-480C-875F-F93AA3A40FE5}.Release|iPhoneSimulator.ActiveCfg = Release|Any CPU
		{BCA9FEC3-8891-480C-875F-F93AA3A40FE5}.Release|iPhoneSimulator.Build.0 = Release|Any CPU
		{BCA9FEC3-8891-480C-875F-F93AA3A40FE5}.Debug|iPhone.ActiveCfg = Debug|Any CPU
		{BCA9FEC3-8891-480C-875F-F93AA3A40FE5}.Debug|iPhone.Build.0 = Debug|Any CPU
		{BCA9FEC3-8891-480C-875F-F93AA3A40FE5}.Release|iPhone.ActiveCfg = Release|Any CPU
		{BCA9FEC3-8891-480C-875F-F93AA3A40FE5}.Release|iPhone.Build.0 = Release|Any CPU
		{39CAB1AA-3BCB-47E7-B376-92FA1D4B2CEC}.Debug|Any CPU.ActiveCfg = Debug|iPhoneSimulator
		{39CAB1AA-3BCB-47E7-B376-92FA1D4B2CEC}.Debug|Any CPU.Build.0 = Debug|iPhoneSimulator
		{39CAB1AA-3BCB-47E7-B376-92FA1D4B2CEC}.Release|Any CPU.ActiveCfg = Release|iPhoneSimulator
		{39CAB1AA-3BCB-47E7-B376-92FA1D4B2CEC}.Release|Any CPU.Build.0 = Release|iPhoneSimulator
		{39CAB1AA-3BCB-47E7-B376-92FA1D4B2CEC}.Debug|iPhoneSimulator.ActiveCfg = Debug|iPhoneSimulator
		{39CAB1AA-3BCB-47E7-B376-92FA1D4B2CEC}.Debug|iPhoneSimulator.Build.0 = Debug|iPhoneSimulator
		{39CAB1AA-3BCB-47E7-B376-92FA1D4B2CEC}.Release|iPhoneSimulator.ActiveCfg = Release|iPhoneSimulator
		{39CAB1AA-3BCB-47E7-B376-92FA1D4B2CEC}.Release|iPhoneSimulator.Build.0 = Release|iPhoneSimulator
		{39CAB1AA-3BCB-47E7-B376-92FA1D4B2CEC}.Debug|iPhone.ActiveCfg = Debug|iPhone
		{39CAB1AA-3BCB-47E7-B376-92FA1D4B2CEC}.Debug|iPhone.Build.0 = Debug|iPhone
		{39CAB1AA-3BCB-47E7-B376-92FA1D4B2CEC}.Release|iPhone.ActiveCfg = Release|iPhone
		{39CAB1AA-3BCB-47E7-B376-92FA1D4B2CEC}.Release|iPhone.Build.0 = Release|iPhone
		{B64724F5-46B1-4D5C-A35D-425709AC9122}.Debug|Any CPU.ActiveCfg = Debug|Any CPU
		{B64724F5-46B1-4D5C-A35D-425709AC9122}.Debug|Any CPU.Build.0 = Debug|Any CPU
		{B64724F5-46B1-4D5C-A35D-425709AC9122}.Release|Any CPU.ActiveCfg = Release|Any CPU
		{B64724F5-46B1-4D5C-A35D-425709AC9122}.Release|Any CPU.Build.0 = Release|Any CPU
		{B64724F5-46B1-4D5C-A35D-425709AC9122}.Debug|iPhoneSimulator.ActiveCfg = Debug|Any CPU
		{B64724F5-46B1-4D5C-A35D-425709AC9122}.Debug|iPhoneSimulator.Build.0 = Debug|Any CPU
		{B64724F5-46B1-4D5C-A35D-425709AC9122}.Release|iPhoneSimulator.ActiveCfg = Release|Any CPU
		{B64724F5-46B1-4D5C-A35D-425709AC9122}.Release|iPhoneSimulator.Build.0 = Release|Any CPU
		{B64724F5-46B1-4D5C-A35D-425709AC9122}.Debug|iPhone.ActiveCfg = Debug|Any CPU
		{B64724F5-46B1-4D5C-A35D-425709AC9122}.Debug|iPhone.Build.0 = Debug|Any CPU
		{B64724F5-46B1-4D5C-A35D-425709AC9122}.Release|iPhone.ActiveCfg = Release|Any CPU
		{B64724F5-46B1-4D5C-A35D-425709AC9122}.Release|iPhone.Build.0 = Release|Any CPU
	EndGlobalSection
	GlobalSection(MonoDevelopProperties) = preSolution
		Policies = $0
		$0.TextStylePolicy = $1
		$1.inheritsSet = null
		$1.scope = application/xml
		$0.XmlFormattingPolicy = $2
		$2.scope = application/xml
		$0.TextStylePolicy = $3
		$3.inheritsSet = null
		$3.scope = application/xaml+xml
		$0.XmlFormattingPolicy = $4
		$4.DefaultFormat = $5
		$5.AttributesInNewLine = True
		$5.WrapAttributes = True
		$5.AlignAttributes = True
		$4.scope = application/xaml+xml
	EndGlobalSection
EndGlobal
