Microsoft Visual Studio Solution File, Format Version 12.00
# Visual Studio Version 16
VisualStudioVersion = 16.0.29215.179
MinimumVisualStudioVersion = 10.0.40219.1
Project("{FAE04EC0-301F-11D3-BF4B-00C04F79EFBC}") = "Paperboy.Android", "Paperboy.Android\Paperboy.Android.csproj", "{BCA9FEC3-8891-480C-875F-F93AA3A40FE5}"
EndProject
Project("{FAE04EC0-301F-11D3-BF4B-00C04F79EFBC}") = "Paperboy.iOS", "Paperboy.iOS\Paperboy.iOS.csproj", "{39CAB1AA-3BCB-47E7-B376-92FA1D4B2CEC}"
EndProject
Project("{9A19103F-16F7-4668-BE54-9A1E7A4F7556}") = "Paperboy", "Paperboy\Paperboy.csproj", "{B64724F5-46B1-4D5C-A35D-425709AC9122}"
EndProject
Project("{FAE04EC0-301F-11D3-BF4B-00C04F79EFBC}") = "Paperboy.UWP", "Paperboy.UWP\Paperboy.UWP.csproj", "{8FC132FB-C7D4-4DE6-A0A9-B83D9A7C124E}"
EndProject
Global
	GlobalSection(SolutionConfigurationPlatforms) = preSolution
		Debug|Any CPU = Debug|Any CPU
		Debug|ARM = Debug|ARM
		Debug|ARM64 = Debug|ARM64
		Debug|iPhone = Debug|iPhone
		Debug|iPhoneSimulator = Debug|iPhoneSimulator
		Debug|x64 = Debug|x64
		Debug|x86 = Debug|x86
		Release|Any CPU = Release|Any CPU
		Release|ARM = Release|ARM
		Release|ARM64 = Release|ARM64
		Release|iPhone = Release|iPhone
		Release|iPhoneSimulator = Release|iPhoneSimulator
		Release|x64 = Release|x64
		Release|x86 = Release|x86
	EndGlobalSection
	GlobalSection(ProjectConfigurationPlatforms) = postSolution
		{BCA9FEC3-8891-480C-875F-F93AA3A40FE5}.Debug|Any CPU.ActiveCfg = Debug|Any CPU
		{BCA9FEC3-8891-480C-875F-F93AA3A40FE5}.Debug|Any CPU.Build.0 = Debug|Any CPU
		{BCA9FEC3-8891-480C-875F-F93AA3A40FE5}.Debug|ARM.ActiveCfg = Debug|Any CPU
		{BCA9FEC3-8891-480C-875F-F93AA3A40FE5}.Debug|ARM.Build.0 = Debug|Any CPU
		{BCA9FEC3-8891-480C-875F-F93AA3A40FE5}.Debug|ARM.Deploy.0 = Debug|Any CPU
		{BCA9FEC3-8891-480C-875F-F93AA3A40FE5}.Debug|ARM64.ActiveCfg = Debug|Any CPU
		{BCA9FEC3-8891-480C-875F-F93AA3A40FE5}.Debug|ARM64.Build.0 = Debug|Any CPU
		{BCA9FEC3-8891-480C-875F-F93AA3A40FE5}.Debug|ARM64.Deploy.0 = Debug|Any CPU
		{BCA9FEC3-8891-480C-875F-F93AA3A40FE5}.Debug|iPhone.ActiveCfg = Debug|Any CPU
		{BCA9FEC3-8891-480C-875F-F93AA3A40FE5}.Debug|iPhone.Build.0 = Debug|Any CPU
		{BCA9FEC3-8891-480C-875F-F93AA3A40FE5}.Debug|iPhoneSimulator.ActiveCfg = Debug|Any CPU
		{BCA9FEC3-8891-480C-875F-F93AA3A40FE5}.Debug|iPhoneSimulator.Build.0 = Debug|Any CPU
		{BCA9FEC3-8891-480C-875F-F93AA3A40FE5}.Debug|x64.ActiveCfg = Debug|Any CPU
		{BCA9FEC3-8891-480C-875F-F93AA3A40FE5}.Debug|x64.Build.0 = Debug|Any CPU
		{BCA9FEC3-8891-480C-875F-F93AA3A40FE5}.Debug|x64.Deploy.0 = Debug|Any CPU
		{BCA9FEC3-8891-480C-875F-F93AA3A40FE5}.Debug|x86.ActiveCfg = Debug|Any CPU
		{BCA9FEC3-8891-480C-875F-F93AA3A40FE5}.Debug|x86.Build.0 = Debug|Any CPU
		{BCA9FEC3-8891-480C-875F-F93AA3A40FE5}.Debug|x86.Deploy.0 = Debug|Any CPU
		{BCA9FEC3-8891-480C-875F-F93AA3A40FE5}.Release|Any CPU.ActiveCfg = Release|Any CPU
		{BCA9FEC3-8891-480C-875F-F93AA3A40FE5}.Release|Any CPU.Build.0 = Release|Any CPU
		{BCA9FEC3-8891-480C-875F-F93AA3A40FE5}.Release|ARM.ActiveCfg = Release|Any CPU
		{BCA9FEC3-8891-480C-875F-F93AA3A40FE5}.Release|ARM.Build.0 = Release|Any CPU
		{BCA9FEC3-8891-480C-875F-F93AA3A40FE5}.Release|ARM.Deploy.0 = Release|Any CPU
		{BCA9FEC3-8891-480C-875F-F93AA3A40FE5}.Release|ARM64.ActiveCfg = Release|Any CPU
		{BCA9FEC3-8891-480C-875F-F93AA3A40FE5}.Release|ARM64.Build.0 = Release|Any CPU
		{BCA9FEC3-8891-480C-875F-F93AA3A40FE5}.Release|ARM64.Deploy.0 = Release|Any CPU
		{BCA9FEC3-8891-480C-875F-F93AA3A40FE5}.Release|iPhone.ActiveCfg = Release|Any CPU
		{BCA9FEC3-8891-480C-875F-F93AA3A40FE5}.Release|iPhone.Build.0 = Release|Any CPU
		{BCA9FEC3-8891-480C-875F-F93AA3A40FE5}.Release|iPhoneSimulator.ActiveCfg = Release|Any CPU
		{BCA9FEC3-8891-480C-875F-F93AA3A40FE5}.Release|iPhoneSimulator.Build.0 = Release|Any CPU
		{BCA9FEC3-8891-480C-875F-F93AA3A40FE5}.Release|x64.ActiveCfg = Release|Any CPU
		{BCA9FEC3-8891-480C-875F-F93AA3A40FE5}.Release|x64.Build.0 = Release|Any CPU
		{BCA9FEC3-8891-480C-875F-F93AA3A40FE5}.Release|x64.Deploy.0 = Release|Any CPU
		{BCA9FEC3-8891-480C-875F-F93AA3A40FE5}.Release|x86.ActiveCfg = Release|Any CPU
		{BCA9FEC3-8891-480C-875F-F93AA3A40FE5}.Release|x86.Build.0 = Release|Any CPU
		{BCA9FEC3-8891-480C-875F-F93AA3A40FE5}.Release|x86.Deploy.0 = Release|Any CPU
		{39CAB1AA-3BCB-47E7-B376-92FA1D4B2CEC}.Debug|Any CPU.ActiveCfg = Debug|iPhoneSimulator
		{39CAB1AA-3BCB-47E7-B376-92FA1D4B2CEC}.Debug|Any CPU.Build.0 = Debug|iPhoneSimulator
		{39CAB1AA-3BCB-47E7-B376-92FA1D4B2CEC}.Debug|ARM.ActiveCfg = Debug|iPhone
		{39CAB1AA-3BCB-47E7-B376-92FA1D4B2CEC}.Debug|ARM64.ActiveCfg = Debug|iPhone
		{39CAB1AA-3BCB-47E7-B376-92FA1D4B2CEC}.Debug|iPhone.ActiveCfg = Debug|iPhone
		{39CAB1AA-3BCB-47E7-B376-92FA1D4B2CEC}.Debug|iPhone.Build.0 = Debug|iPhone
		{39CAB1AA-3BCB-47E7-B376-92FA1D4B2CEC}.Debug|iPhoneSimulator.ActiveCfg = Debug|iPhoneSimulator
		{39CAB1AA-3BCB-47E7-B376-92FA1D4B2CEC}.Debug|iPhoneSimulator.Build.0 = Debug|iPhoneSimulator
		{39CAB1AA-3BCB-47E7-B376-92FA1D4B2CEC}.Debug|x64.ActiveCfg = Debug|iPhone
		{39CAB1AA-3BCB-47E7-B376-92FA1D4B2CEC}.Debug|x86.ActiveCfg = Debug|iPhone
		{39CAB1AA-3BCB-47E7-B376-92FA1D4B2CEC}.Release|Any CPU.ActiveCfg = Release|iPhoneSimulator
		{39CAB1AA-3BCB-47E7-B376-92FA1D4B2CEC}.Release|Any CPU.Build.0 = Release|iPhoneSimulator
		{39CAB1AA-3BCB-47E7-B376-92FA1D4B2CEC}.Release|ARM.ActiveCfg = Release|iPhone
		{39CAB1AA-3BCB-47E7-B376-92FA1D4B2CEC}.Release|ARM64.ActiveCfg = Release|iPhone
		{39CAB1AA-3BCB-47E7-B376-92FA1D4B2CEC}.Release|iPhone.ActiveCfg = Release|iPhone
		{39CAB1AA-3BCB-47E7-B376-92FA1D4B2CEC}.Release|iPhone.Build.0 = Release|iPhone
		{39CAB1AA-3BCB-47E7-B376-92FA1D4B2CEC}.Release|iPhoneSimulator.ActiveCfg = Release|iPhoneSimulator
		{39CAB1AA-3BCB-47E7-B376-92FA1D4B2CEC}.Release|iPhoneSimulator.Build.0 = Release|iPhoneSimulator
		{39CAB1AA-3BCB-47E7-B376-92FA1D4B2CEC}.Release|x64.ActiveCfg = Release|iPhone
		{39CAB1AA-3BCB-47E7-B376-92FA1D4B2CEC}.Release|x86.ActiveCfg = Release|iPhone
		{B64724F5-46B1-4D5C-A35D-425709AC9122}.Debug|Any CPU.ActiveCfg = Debug|Any CPU
		{B64724F5-46B1-4D5C-A35D-425709AC9122}.Debug|Any CPU.Build.0 = Debug|Any CPU
		{B64724F5-46B1-4D5C-A35D-425709AC9122}.Debug|ARM.ActiveCfg = Debug|Any CPU
		{B64724F5-46B1-4D5C-A35D-425709AC9122}.Debug|ARM.Build.0 = Debug|Any CPU
		{B64724F5-46B1-4D5C-A35D-425709AC9122}.Debug|ARM64.ActiveCfg = Debug|Any CPU
		{B64724F5-46B1-4D5C-A35D-425709AC9122}.Debug|ARM64.Build.0 = Debug|Any CPU
		{B64724F5-46B1-4D5C-A35D-425709AC9122}.Debug|iPhone.ActiveCfg = Debug|Any CPU
		{B64724F5-46B1-4D5C-A35D-425709AC9122}.Debug|iPhone.Build.0 = Debug|Any CPU
		{B64724F5-46B1-4D5C-A35D-425709AC9122}.Debug|iPhoneSimulator.ActiveCfg = Debug|Any CPU
		{B64724F5-46B1-4D5C-A35D-425709AC9122}.Debug|iPhoneSimulator.Build.0 = Debug|Any CPU
		{B64724F5-46B1-4D5C-A35D-425709AC9122}.Debug|x64.ActiveCfg = Debug|Any CPU
		{B64724F5-46B1-4D5C-A35D-425709AC9122}.Debug|x64.Build.0 = Debug|Any CPU
		{B64724F5-46B1-4D5C-A35D-425709AC9122}.Debug|x86.ActiveCfg = Debug|Any CPU
		{B64724F5-46B1-4D5C-A35D-425709AC9122}.Debug|x86.Build.0 = Debug|Any CPU
		{B64724F5-46B1-4D5C-A35D-425709AC9122}.Release|Any CPU.ActiveCfg = Release|Any CPU
		{B64724F5-46B1-4D5C-A35D-425709AC9122}.Release|Any CPU.Build.0 = Release|Any CPU
		{B64724F5-46B1-4D5C-A35D-425709AC9122}.Release|ARM.ActiveCfg = Release|Any CPU
		{B64724F5-46B1-4D5C-A35D-425709AC9122}.Release|ARM.Build.0 = Release|Any CPU
		{B64724F5-46B1-4D5C-A35D-425709AC9122}.Release|ARM64.ActiveCfg = Release|Any CPU
		{B64724F5-46B1-4D5C-A35D-425709AC9122}.Release|ARM64.Build.0 = Release|Any CPU
		{B64724F5-46B1-4D5C-A35D-425709AC9122}.Release|iPhone.ActiveCfg = Release|Any CPU
		{B64724F5-46B1-4D5C-A35D-425709AC9122}.Release|iPhone.Build.0 = Release|Any CPU
		{B64724F5-46B1-4D5C-A35D-425709AC9122}.Release|iPhoneSimulator.ActiveCfg = Release|Any CPU
		{B64724F5-46B1-4D5C-A35D-425709AC9122}.Release|iPhoneSimulator.Build.0 = Release|Any CPU
		{B64724F5-46B1-4D5C-A35D-425709AC9122}.Release|x64.ActiveCfg = Release|Any CPU
		{B64724F5-46B1-4D5C-A35D-425709AC9122}.Release|x64.Build.0 = Release|Any CPU
		{B64724F5-46B1-4D5C-A35D-425709AC9122}.Release|x86.ActiveCfg = Release|Any CPU
		{B64724F5-46B1-4D5C-A35D-425709AC9122}.Release|x86.Build.0 = Release|Any CPU
		{8FC132FB-C7D4-4DE6-A0A9-B83D9A7C124E}.Debug|Any CPU.ActiveCfg = Debug|x86
		{8FC132FB-C7D4-4DE6-A0A9-B83D9A7C124E}.Debug|ARM.ActiveCfg = Debug|ARM
		{8FC132FB-C7D4-4DE6-A0A9-B83D9A7C124E}.Debug|ARM.Build.0 = Debug|ARM
		{8FC132FB-C7D4-4DE6-A0A9-B83D9A7C124E}.Debug|ARM.Deploy.0 = Debug|ARM
		{8FC132FB-C7D4-4DE6-A0A9-B83D9A7C124E}.Debug|ARM64.ActiveCfg = Debug|ARM64
		{8FC132FB-C7D4-4DE6-A0A9-B83D9A7C124E}.Debug|ARM64.Build.0 = Debug|ARM64
		{8FC132FB-C7D4-4DE6-A0A9-B83D9A7C124E}.Debug|ARM64.Deploy.0 = Debug|ARM64
		{8FC132FB-C7D4-4DE6-A0A9-B83D9A7C124E}.Debug|iPhone.ActiveCfg = Debug|x86
		{8FC132FB-C7D4-4DE6-A0A9-B83D9A7C124E}.Debug|iPhoneSimulator.ActiveCfg = Debug|x86
		{8FC132FB-C7D4-4DE6-A0A9-B83D9A7C124E}.Debug|x64.ActiveCfg = Debug|x64
		{8FC132FB-C7D4-4DE6-A0A9-B83D9A7C124E}.Debug|x64.Build.0 = Debug|x64
		{8FC132FB-C7D4-4DE6-A0A9-B83D9A7C124E}.Debug|x64.Deploy.0 = Debug|x64
		{8FC132FB-C7D4-4DE6-A0A9-B83D9A7C124E}.Debug|x86.ActiveCfg = Debug|x86
		{8FC132FB-C7D4-4DE6-A0A9-B83D9A7C124E}.Debug|x86.Build.0 = Debug|x86
		{8FC132FB-C7D4-4DE6-A0A9-B83D9A7C124E}.Debug|x86.Deploy.0 = Debug|x86
		{8FC132FB-C7D4-4DE6-A0A9-B83D9A7C124E}.Release|Any CPU.ActiveCfg = Release|x86
		{8FC132FB-C7D4-4DE6-A0A9-B83D9A7C124E}.Release|ARM.ActiveCfg = Release|ARM
		{8FC132FB-C7D4-4DE6-A0A9-B83D9A7C124E}.Release|ARM.Build.0 = Release|ARM
		{8FC132FB-C7D4-4DE6-A0A9-B83D9A7C124E}.Release|ARM.Deploy.0 = Release|ARM
		{8FC132FB-C7D4-4DE6-A0A9-B83D9A7C124E}.Release|ARM64.ActiveCfg = Release|ARM64
		{8FC132FB-C7D4-4DE6-A0A9-B83D9A7C124E}.Release|ARM64.Build.0 = Release|ARM64
		{8FC132FB-C7D4-4DE6-A0A9-B83D9A7C124E}.Release|ARM64.Deploy.0 = Release|ARM64
		{8FC132FB-C7D4-4DE6-A0A9-B83D9A7C124E}.Release|iPhone.ActiveCfg = Release|x86
		{8FC132FB-C7D4-4DE6-A0A9-B83D9A7C124E}.Release|iPhoneSimulator.ActiveCfg = Release|x86
		{8FC132FB-C7D4-4DE6-A0A9-B83D9A7C124E}.Release|x64.ActiveCfg = Release|x64
		{8FC132FB-C7D4-4DE6-A0A9-B83D9A7C124E}.Release|x64.Build.0 = Release|x64
		{8FC132FB-C7D4-4DE6-A0A9-B83D9A7C124E}.Release|x64.Deploy.0 = Release|x64
		{8FC132FB-C7D4-4DE6-A0A9-B83D9A7C124E}.Release|x86.ActiveCfg = Release|x86
		{8FC132FB-C7D4-4DE6-A0A9-B83D9A7C124E}.Release|x86.Build.0 = Release|x86
		{8FC132FB-C7D4-4DE6-A0A9-B83D9A7C124E}.Release|x86.Deploy.0 = Release|x86
	EndGlobalSection
	GlobalSection(SolutionProperties) = preSolution
		HideSolutionNode = FALSE
	EndGlobalSection
	GlobalSection(ExtensibilityGlobals) = postSolution
		SolutionGuid = {E2A4E4C8-A976-4953-BC49-DC0ED483FD83}
	EndGlobalSection
	GlobalSection(MonoDevelopProperties) = preSolution
		Policies = $0
		$0.TextStylePolicy = $3
		$1.inheritsSet = null
		$1.scope = application/xml
		$0.XmlFormattingPolicy = $4
		$2.scope = application/xml
		$3.inheritsSet = null
		$3.scope = application/xaml+xml
		$4.DefaultFormat = $5
		$5.AttributesInNewLine = True
		$5.WrapAttributes = True
		$5.AlignAttributes = True
		$4.scope = application/xaml+xml
	EndGlobalSection
EndGlobal
