
Microsoft Visual Studio Solution File, Format Version 12.00
# Visual Studio 15
Project("{FAE04EC0-301F-11D3-BF4B-00C04F79EFBC}") = "FirstApp.Android", "FirstApp.Android\FirstApp.Android.csproj", "{7DDD2904-AEE5-40A9-B239-5A34405098ED}"
EndProject
Project("{FAE04EC0-301F-11D3-BF4B-00C04F79EFBC}") = "FirstApp.iOS", "FirstApp.iOS\FirstApp.iOS.csproj", "{673D6FCF-491D-452A-8166-07AAC7E51B45}"
EndProject
Project("{FAE04EC0-301F-11D3-BF4B-00C04F79EFBC}") = "FirstApp", "FirstApp\FirstApp.csproj", "{0E21DE96-2FE4-47DF-8DE7-984095D477E4}"
EndProject
Global
	GlobalSection(SolutionConfigurationPlatforms) = preSolution
		Debug|Any CPU = Debug|Any CPU
		Release|Any CPU = Release|Any CPU
		Debug|iPhoneSimulator = Debug|iPhoneSimulator
		Release|iPhoneSimulator = Release|iPhoneSimulator
		Debug|iPhone = Debug|iPhone
		Release|iPhone = Release|iPhone
	EndGlobalSection
	GlobalSection(ProjectConfigurationPlatforms) = postSolution
		{7DDD2904-AEE5-40A9-B239-5A34405098ED}.Debug|Any CPU.ActiveCfg = Debug|Any CPU
		{7DDD2904-AEE5-40A9-B239-5A34405098ED}.Debug|Any CPU.Build.0 = Debug|Any CPU
		{7DDD2904-AEE5-40A9-B239-5A34405098ED}.Release|Any CPU.ActiveCfg = Release|Any CPU
		{7DDD2904-AEE5-40A9-B239-5A34405098ED}.Release|Any CPU.Build.0 = Release|Any CPU
		{7DDD2904-AEE5-40A9-B239-5A34405098ED}.Debug|iPhoneSimulator.ActiveCfg = Debug|Any CPU
		{7DDD2904-AEE5-40A9-B239-5A34405098ED}.Debug|iPhoneSimulator.Build.0 = Debug|Any CPU
		{7DDD2904-AEE5-40A9-B239-5A34405098ED}.Release|iPhoneSimulator.ActiveCfg = Release|Any CPU
		{7DDD2904-AEE5-40A9-B239-5A34405098ED}.Release|iPhoneSimulator.Build.0 = Release|Any CPU
		{7DDD2904-AEE5-40A9-B239-5A34405098ED}.Debug|iPhone.ActiveCfg = Debug|Any CPU
		{7DDD2904-AEE5-40A9-B239-5A34405098ED}.Debug|iPhone.Build.0 = Debug|Any CPU
		{7DDD2904-AEE5-40A9-B239-5A34405098ED}.Release|iPhone.ActiveCfg = Release|Any CPU
		{7DDD2904-AEE5-40A9-B239-5A34405098ED}.Release|iPhone.Build.0 = Release|Any CPU
		{673D6FCF-491D-452A-8166-07AAC7E51B45}.Debug|Any CPU.ActiveCfg = Debug|iPhoneSimulator
		{673D6FCF-491D-452A-8166-07AAC7E51B45}.Debug|Any CPU.Build.0 = Debug|iPhoneSimulator
		{673D6FCF-491D-452A-8166-07AAC7E51B45}.Release|Any CPU.ActiveCfg = Release|iPhoneSimulator
		{673D6FCF-491D-452A-8166-07AAC7E51B45}.Release|Any CPU.Build.0 = Release|iPhoneSimulator
		{673D6FCF-491D-452A-8166-07AAC7E51B45}.Debug|iPhoneSimulator.ActiveCfg = Debug|iPhoneSimulator
		{673D6FCF-491D-452A-8166-07AAC7E51B45}.Debug|iPhoneSimulator.Build.0 = Debug|iPhoneSimulator
		{673D6FCF-491D-452A-8166-07AAC7E51B45}.Release|iPhoneSimulator.ActiveCfg = Release|iPhoneSimulator
		{673D6FCF-491D-452A-8166-07AAC7E51B45}.Release|iPhoneSimulator.Build.0 = Release|iPhoneSimulator
		{673D6FCF-491D-452A-8166-07AAC7E51B45}.Debug|iPhone.ActiveCfg = Debug|iPhone
		{673D6FCF-491D-452A-8166-07AAC7E51B45}.Debug|iPhone.Build.0 = Debug|iPhone
		{673D6FCF-491D-452A-8166-07AAC7E51B45}.Release|iPhone.ActiveCfg = Release|iPhone
		{673D6FCF-491D-452A-8166-07AAC7E51B45}.Release|iPhone.Build.0 = Release|iPhone
		{0E21DE96-2FE4-47DF-8DE7-984095D477E4}.Debug|Any CPU.ActiveCfg = Debug|Any CPU
		{0E21DE96-2FE4-47DF-8DE7-984095D477E4}.Debug|Any CPU.Build.0 = Debug|Any CPU
		{0E21DE96-2FE4-47DF-8DE7-984095D477E4}.Release|Any CPU.ActiveCfg = Release|Any CPU
		{0E21DE96-2FE4-47DF-8DE7-984095D477E4}.Release|Any CPU.Build.0 = Release|Any CPU
		{0E21DE96-2FE4-47DF-8DE7-984095D477E4}.Debug|iPhoneSimulator.ActiveCfg = Debug|Any CPU
		{0E21DE96-2FE4-47DF-8DE7-984095D477E4}.Debug|iPhoneSimulator.Build.0 = Debug|Any CPU
		{0E21DE96-2FE4-47DF-8DE7-984095D477E4}.Release|iPhoneSimulator.ActiveCfg = Release|Any CPU
		{0E21DE96-2FE4-47DF-8DE7-984095D477E4}.Release|iPhoneSimulator.Build.0 = Release|Any CPU
		{0E21DE96-2FE4-47DF-8DE7-984095D477E4}.Debug|iPhone.ActiveCfg = Debug|Any CPU
		{0E21DE96-2FE4-47DF-8DE7-984095D477E4}.Debug|iPhone.Build.0 = Debug|Any CPU
		{0E21DE96-2FE4-47DF-8DE7-984095D477E4}.Release|iPhone.ActiveCfg = Release|Any CPU
		{0E21DE96-2FE4-47DF-8DE7-984095D477E4}.Release|iPhone.Build.0 = Release|Any CPU
	EndGlobalSection
EndGlobal
