
Microsoft Visual Studio Solution File, Format Version 12.00
# Visual Studio Version 16
VisualStudioVersion = 16.0.29009.5
MinimumVisualStudioVersion = 10.0.40219.1
Project("{FAE04EC0-301F-11D3-BF4B-00C04F79EFBC}") = "STFEpopulate", "STFEpopulate.csproj", "{13C799DC-17B5-4869-BB14-F6D83B2C218C}"
EndProject
Global
	GlobalSection(SolutionConfigurationPlatforms) = preSolution
		Debug|Any CPU = Debug|Any CPU
		Release|Any CPU = Release|Any CPU
	EndGlobalSection
	GlobalSection(ProjectConfigurationPlatforms) = postSolution
		{13C799DC-17B5-4869-BB14-F6D83B2C218C}.Debug|Any CPU.ActiveCfg = Debug|Any CPU
		{13C799DC-17B5-4869-BB14-F6D83B2C218C}.Debug|Any CPU.Build.0 = Debug|Any CPU
		{13C799DC-17B5-4869-BB14-F6D83B2C218C}.Release|Any CPU.ActiveCfg = Release|Any CPU
		{13C799DC-17B5-4869-BB14-F6D83B2C218C}.Release|Any CPU.Build.0 = Release|Any CPU
	EndGlobalSection
	GlobalSection(SolutionProperties) = preSolution
		HideSolutionNode = FALSE
	EndGlobalSection
	GlobalSection(ExtensibilityGlobals) = postSolution
		SolutionGuid = {E3876102-DC8C-46C1-9316-69643DEA28A6}
	EndGlobalSection
EndGlobal
